
Microsoft Visual Studio Solution File, Format Version 12.00
# Visual Studio Version 17
VisualStudioVersion = 17.8.34511.84
MinimumVisualStudioVersion = 10.0.40219.1
Project("{FAE04EC0-301F-11D3-BF4B-00C04F79EFBC}") = "Project_Nhom_7", "Project_Nhom_7.csproj", "{A0C32F7C-509A-42F2-94E5-DBB320C97044}"
EndProject
Global
	GlobalSection(SolutionConfigurationPlatforms) = preSolution
		Debug|Any CPU = Debug|Any CPU
		Release|Any CPU = Release|Any CPU
	EndGlobalSection
	GlobalSection(ProjectConfigurationPlatforms) = postSolution
		{A0C32F7C-509A-42F2-94E5-DBB320C97044}.Debug|Any CPU.ActiveCfg = Debug|Any CPU
		{A0C32F7C-509A-42F2-94E5-DBB320C97044}.Debug|Any CPU.Build.0 = Debug|Any CPU
		{A0C32F7C-509A-42F2-94E5-DBB320C97044}.Release|Any CPU.ActiveCfg = Release|Any CPU
		{A0C32F7C-509A-42F2-94E5-DBB320C97044}.Release|Any CPU.Build.0 = Release|Any CPU
	EndGlobalSection
	GlobalSection(SolutionProperties) = preSolution
		HideSolutionNode = FALSE
	EndGlobalSection
	GlobalSection(ExtensibilityGlobals) = postSolution
		SolutionGuid = {DE1DAF63-49EA-4765-A20C-0ADA4CD7B2C7}
	EndGlobalSection
EndGlobal
